// !$*UTF8*$!
{
	archiveVersion = 1;
	classes = {
	};
	objectVersion = 50;
	objects = {

/* Begin PBXBuildFile section */
		33B2547721468A1C00364AE1 /* AppDelegate.swift in Sources */ = {isa = PBXBuildFile; fileRef = 33B2547621468A1C00364AE1 /* AppDelegate.swift */; };
		33B2547921468A1C00364AE1 /* TripListViewController.swift in Sources */ = {isa = PBXBuildFile; fileRef = 33B2547821468A1C00364AE1 /* TripListViewController.swift */; };
		33B2547C21468A1C00364AE1 /* Main.storyboard in Resources */ = {isa = PBXBuildFile; fileRef = 33B2547A21468A1C00364AE1 /* Main.storyboard */; };
		33B2547E21468A1E00364AE1 /* Assets.xcassets in Resources */ = {isa = PBXBuildFile; fileRef = 33B2547D21468A1E00364AE1 /* Assets.xcassets */; };
		33B2548121468A1E00364AE1 /* LaunchScreen.storyboard in Resources */ = {isa = PBXBuildFile; fileRef = 33B2547F21468A1E00364AE1 /* LaunchScreen.storyboard */; };
		33B2549121468A8100364AE1 /* SharedFramework.h in Headers */ = {isa = PBXBuildFile; fileRef = 33B2548F21468A8100364AE1 /* SharedFramework.h */; settings = {ATTRIBUTES = (Public, ); }; };
		33B2549421468A8100364AE1 /* SharedFramework.framework in Frameworks */ = {isa = PBXBuildFile; fileRef = 33B2548D21468A8100364AE1 /* SharedFramework.framework */; };
		33B2549521468A8100364AE1 /* SharedFramework.framework in Embed Frameworks */ = {isa = PBXBuildFile; fileRef = 33B2548D21468A8100364AE1 /* SharedFramework.framework */; settings = {ATTRIBUTES = (CodeSignOnCopy, RemoveHeadersOnCopy, ); }; };
		33B2549D21468AD700364AE1 /* TravelPlanner.xcdatamodeld in Sources */ = {isa = PBXBuildFile; fileRef = 33B2549A21468ACF00364AE1 /* TravelPlanner.xcdatamodeld */; };
		33B2549F21468B0F00364AE1 /* CoreDataManager.swift in Sources */ = {isa = PBXBuildFile; fileRef = 33B2549E21468B0F00364AE1 /* CoreDataManager.swift */; };
		33B254A121468CC700364AE1 /* TripCoordinator.swift in Sources */ = {isa = PBXBuildFile; fileRef = 33B254A021468CC700364AE1 /* TripCoordinator.swift */; };
		33B254A321468D7E00364AE1 /* TripDetailViewController.swift in Sources */ = {isa = PBXBuildFile; fileRef = 33B254A221468D7E00364AE1 /* TripDetailViewController.swift */; };
		33B254A521468FCC00364AE1 /* NSManagedObjectContext+Convenience.swift in Sources */ = {isa = PBXBuildFile; fileRef = 33B254A421468FCC00364AE1 /* NSManagedObjectContext+Convenience.swift */; };
		33B254A72146902D00364AE1 /* NSManagedObject+Convenience.swift in Sources */ = {isa = PBXBuildFile; fileRef = 33B254A62146902D00364AE1 /* NSManagedObject+Convenience.swift */; };
		33B254B221469B8C00364AE1 /* Formatters.swift in Sources */ = {isa = PBXBuildFile; fileRef = 33B254B021469B8600364AE1 /* Formatters.swift */; };
		33B254B421469E5000364AE1 /* TripEditViewController.swift in Sources */ = {isa = PBXBuildFile; fileRef = 33B254B321469E5000364AE1 /* TripEditViewController.swift */; };
		33B254CD2146A6B500364AE1 /* Trip+Extensions.swift in Sources */ = {isa = PBXBuildFile; fileRef = 33B254CC2146A6B500364AE1 /* Trip+Extensions.swift */; };
		33B254E32146A96500364AE1 /* AppStoryboard.swift in Sources */ = {isa = PBXBuildFile; fileRef = 33B254E22146A96500364AE1 /* AppStoryboard.swift */; };
		33B254E52146B1B600364AE1 /* FrameworkPersistentCoordinator.swift in Sources */ = {isa = PBXBuildFile; fileRef = 33B254E42146B1B600364AE1 /* FrameworkPersistentCoordinator.swift */; };
		33B254F92146C60600364AE1 /* TripInfoCell.swift in Sources */ = {isa = PBXBuildFile; fileRef = 33B254F82146C60600364AE1 /* TripInfoCell.swift */; };
		33B254FD2146CB3E00364AE1 /* BusInfoCell.swift in Sources */ = {isa = PBXBuildFile; fileRef = 33B254FC2146CB3E00364AE1 /* BusInfoCell.swift */; };
		33B254FF2146CB4000364AE1 /* FlightInfoCell.swift in Sources */ = {isa = PBXBuildFile; fileRef = 33B254FE2146CB4000364AE1 /* FlightInfoCell.swift */; };
		33B255012146CB4E00364AE1 /* TrainInfoCell.swift in Sources */ = {isa = PBXBuildFile; fileRef = 33B255002146CB4E00364AE1 /* TrainInfoCell.swift */; };
		33B255032146CB5C00364AE1 /* HotelInfoCell.swift in Sources */ = {isa = PBXBuildFile; fileRef = 33B255022146CB5C00364AE1 /* HotelInfoCell.swift */; };
		33B255052146CBF500364AE1 /* FlightInfoCell.xib in Resources */ = {isa = PBXBuildFile; fileRef = 33B255042146CBF500364AE1 /* FlightInfoCell.xib */; };
		33B255072146CF5500364AE1 /* Flight+Extensions.swift in Sources */ = {isa = PBXBuildFile; fileRef = 33B255062146CF5500364AE1 /* Flight+Extensions.swift */; };
		33B2550B2146FA3F00364AE1 /* PlanInfoCell.swift in Sources */ = {isa = PBXBuildFile; fileRef = 33B2550A2146FA3F00364AE1 /* PlanInfoCell.swift */; };
		33B2550D2146FE7500364AE1 /* NibLoadable.swift in Sources */ = {isa = PBXBuildFile; fileRef = 33B2550C2146FE7500364AE1 /* NibLoadable.swift */; };
		33B2550F214700E100364AE1 /* BusInfoCell.xib in Resources */ = {isa = PBXBuildFile; fileRef = 33B2550E214700E100364AE1 /* BusInfoCell.xib */; };
		33B255112147011000364AE1 /* HotelInfoCell.xib in Resources */ = {isa = PBXBuildFile; fileRef = 33B255102147011000364AE1 /* HotelInfoCell.xib */; };
		33B255132147013700364AE1 /* TrainInfoCell.xib in Resources */ = {isa = PBXBuildFile; fileRef = 33B255122147013700364AE1 /* TrainInfoCell.xib */; };
		9B47B53E21872FB600140CA4 /* Hotel.storyboard in Resources */ = {isa = PBXBuildFile; fileRef = 9B47B53A21872FB600140CA4 /* Hotel.storyboard */; };
		9B47B53F21872FB600140CA4 /* Train.storyboard in Resources */ = {isa = PBXBuildFile; fileRef = 9B47B53C21872FB600140CA4 /* Train.storyboard */; };
		9B47B54421872FCF00140CA4 /* Bus.storyboard in Resources */ = {isa = PBXBuildFile; fileRef = 9B47B54021872FCF00140CA4 /* Bus.storyboard */; };
		9B47B54521872FCF00140CA4 /* Flight.storyboard in Resources */ = {isa = PBXBuildFile; fileRef = 9B47B54221872FCF00140CA4 /* Flight.storyboard */; };
		9B47B5472187301300140CA4 /* Storyboard.swift in Sources */ = {isa = PBXBuildFile; fileRef = 9B47B5462187301300140CA4 /* Storyboard.swift */; };
		9B47B5492187309000140CA4 /* BundleHelper.swift in Sources */ = {isa = PBXBuildFile; fileRef = 9B47B5482187309000140CA4 /* BundleHelper.swift */; };
		9B47B54B218733CB00140CA4 /* BusEditViewController.swift in Sources */ = {isa = PBXBuildFile; fileRef = 33B254A82146978F00364AE1 /* BusEditViewController.swift */; };
		9B47B54C218733CB00140CA4 /* FlightEditViewController.swift in Sources */ = {isa = PBXBuildFile; fileRef = 33B254AE214697B700364AE1 /* FlightEditViewController.swift */; };
		9B47B54D218733CB00140CA4 /* HotelEditViewController.swift in Sources */ = {isa = PBXBuildFile; fileRef = 33B254AC214697AB00364AE1 /* HotelEditViewController.swift */; };
		9B47B54E218733CB00140CA4 /* TrainEditViewController.swift in Sources */ = {isa = PBXBuildFile; fileRef = 33B254AA2146979E00364AE1 /* TrainEditViewController.swift */; };
		9B47B54F218733CB00140CA4 /* AirlineSelectionViewController.swift in Sources */ = {isa = PBXBuildFile; fileRef = 9B6C1F05214875C10006C217 /* AirlineSelectionViewController.swift */; };
		9B47B550218733CB00140CA4 /* AirportSelectionViewController.swift in Sources */ = {isa = PBXBuildFile; fileRef = 9B6C1F032148721A0006C217 /* AirportSelectionViewController.swift */; };
		9B47B5512187347900140CA4 /* FlightCoordinator.swift in Sources */ = {isa = PBXBuildFile; fileRef = 9B6C1EFD21486D000006C217 /* FlightCoordinator.swift */; };
		9B47B553218734E600140CA4 /* StoryboardHosted.swift in Sources */ = {isa = PBXBuildFile; fileRef = 9B47B552218734E600140CA4 /* StoryboardHosted.swift */; };
		9B47B5552187351400140CA4 /* Identifiable.swift in Sources */ = {isa = PBXBuildFile; fileRef = 33B254FA2146C6C200364AE1 /* Identifiable.swift */; };
		9B47B5572187358700140CA4 /* UITextField+Validation.swift in Sources */ = {isa = PBXBuildFile; fileRef = 9B47B5562187358700140CA4 /* UITextField+Validation.swift */; };
		9B47B558218735E100140CA4 /* CaseIterable+TableViewHelping.swift in Sources */ = {isa = PBXBuildFile; fileRef = 33B254F42146C08F00364AE1 /* CaseIterable+TableViewHelping.swift */; };
		9B47B559218735F200140CA4 /* UITableView+Generics.swift in Sources */ = {isa = PBXBuildFile; fileRef = 33B255082146D67A00364AE1 /* UITableView+Generics.swift */; };
		9B47B56621873FE300140CA4 /* GenericEditViewController.swift in Sources */ = {isa = PBXBuildFile; fileRef = 9B47B56521873FE300140CA4 /* GenericEditViewController.swift */; };
		9B47B56B2187401F00140CA4 /* Generic.storyboard in Resources */ = {isa = PBXBuildFile; fileRef = 9B47B5692187401F00140CA4 /* Generic.storyboard */; };
		9B47B56E218744AB00140CA4 /* PlanEditCoordinator.swift in Sources */ = {isa = PBXBuildFile; fileRef = 9B47B56D218744AB00140CA4 /* PlanEditCoordinator.swift */; };
		9B5887F92149B8FC00A27881 /* UserActivities.swift in Sources */ = {isa = PBXBuildFile; fileRef = 9B5887F82149B8FC00A27881 /* UserActivities.swift */; };
		9B5887FC2149C6D700A27881 /* Intents.framework in Frameworks */ = {isa = PBXBuildFile; fileRef = 9B5887FB2149C6D700A27881 /* Intents.framework */; };
		9B5887FE2149C6DD00A27881 /* CoreSpotlight.framework in Frameworks */ = {isa = PBXBuildFile; fileRef = 9B5887FD2149C6DD00A27881 /* CoreSpotlight.framework */; };
		9B5888002149C6E700A27881 /* MobileCoreServices.framework in Frameworks */ = {isa = PBXBuildFile; fileRef = 9B5887FF2149C6E700A27881 /* MobileCoreServices.framework */; };
		9B58880A2149F82C00A27881 /* Intents.intentdefinition in Sources */ = {isa = PBXBuildFile; fileRef = 9B5888092149F82C00A27881 /* Intents.intentdefinition */; settings = {ATTRIBUTES = (no_codegen, ); }; };
		9B58880B2149F82C00A27881 /* Intents.intentdefinition in Sources */ = {isa = PBXBuildFile; fileRef = 9B5888092149F82C00A27881 /* Intents.intentdefinition */; };
		9B58880E2149F8F600A27881 /* EditTripIntentHandler.swift in Sources */ = {isa = PBXBuildFile; fileRef = 9B58880C2149F8F600A27881 /* EditTripIntentHandler.swift */; };
		9B588816214A6C9E00A27881 /* IntentHandler.swift in Sources */ = {isa = PBXBuildFile; fileRef = 9B588815214A6C9E00A27881 /* IntentHandler.swift */; };
		9B58881A214A6C9E00A27881 /* IntentsExtension.appex in Embed App Extensions */ = {isa = PBXBuildFile; fileRef = 9B588813214A6C9E00A27881 /* IntentsExtension.appex */; settings = {ATTRIBUTES = (RemoveHeadersOnCopy, ); }; };
		9B588821214A6CB800A27881 /* SharedFramework.framework in Frameworks */ = {isa = PBXBuildFile; fileRef = 33B2548D21468A8100364AE1 /* SharedFramework.framework */; };
		9B6C1EF32148341A0006C217 /* AirlineImporter.swift in Sources */ = {isa = PBXBuildFile; fileRef = 9B6C1EF22148341A0006C217 /* AirlineImporter.swift */; };
		9B6C1EF9214834B20006C217 /* airlines.csv in Resources */ = {isa = PBXBuildFile; fileRef = 9B6C1EF7214834B20006C217 /* airlines.csv */; };
		9B6C1EFA214834B20006C217 /* airports.csv in Resources */ = {isa = PBXBuildFile; fileRef = 9B6C1EF8214834B20006C217 /* airports.csv */; };
		9B6C1EFC2148619D0006C217 /* Airport+Extensions.swift in Sources */ = {isa = PBXBuildFile; fileRef = 9B6C1EFB2148619D0006C217 /* Airport+Extensions.swift */; };
		9B6C1F082148763B0006C217 /* Airline+Extensions.swift in Sources */ = {isa = PBXBuildFile; fileRef = 9B6C1F072148763B0006C217 /* Airline+Extensions.swift */; };
		9B6C1F0C21490D930006C217 /* CSVImporter.swift in Sources */ = {isa = PBXBuildFile; fileRef = 9B6C1F0B21490D930006C217 /* CSVImporter.swift */; };
		9B6C1F0E21490EDF0006C217 /* AirportImporter.swift in Sources */ = {isa = PBXBuildFile; fileRef = 9B6C1F0D21490EDF0006C217 /* AirportImporter.swift */; };
		9B767DDF218763350046BE3F /* DataSource.swift in Sources */ = {isa = PBXBuildFile; fileRef = 9B767DDE218763350046BE3F /* DataSource.swift */; };
		9B767DE1218768910046BE3F /* SearchableTableViewDataSource.swift in Sources */ = {isa = PBXBuildFile; fileRef = 9B767DE0218768910046BE3F /* SearchableTableViewDataSource.swift */; };
		9B767DE321876B4E0046BE3F /* AirlineSelectionDataSource.swift in Sources */ = {isa = PBXBuildFile; fileRef = 9B767DE221876B4E0046BE3F /* AirlineSelectionDataSource.swift */; };
		9B767DE821877C710046BE3F /* TableViewDataSource.swift in Sources */ = {isa = PBXBuildFile; fileRef = 9B767DE721877C710046BE3F /* TableViewDataSource.swift */; };
		9B767DEA2187813E0046BE3F /* AirlineCell.swift in Sources */ = {isa = PBXBuildFile; fileRef = 9B767DE92187813E0046BE3F /* AirlineCell.swift */; };
		9B767DEE21885F870046BE3F /* AirportSelectionDataSource.swift in Sources */ = {isa = PBXBuildFile; fileRef = 9B767DED21885F870046BE3F /* AirportSelectionDataSource.swift */; };
		9B767DF021885F930046BE3F /* AirportCell.swift in Sources */ = {isa = PBXBuildFile; fileRef = 9B767DEF21885F930046BE3F /* AirportCell.swift */; };
/* End PBXBuildFile section */

/* Begin PBXContainerItemProxy section */
		33B2549221468A8100364AE1 /* PBXContainerItemProxy */ = {
			isa = PBXContainerItemProxy;
			containerPortal = 33B2546B21468A1C00364AE1 /* Project object */;
			proxyType = 1;
			remoteGlobalIDString = 33B2548C21468A8100364AE1;
			remoteInfo = SharedFramework;
		};
		9B588818214A6C9E00A27881 /* PBXContainerItemProxy */ = {
			isa = PBXContainerItemProxy;
			containerPortal = 33B2546B21468A1C00364AE1 /* Project object */;
			proxyType = 1;
			remoteGlobalIDString = 9B588812214A6C9E00A27881;
			remoteInfo = IntentsExtension;
		};
		9B58881F214A6CB200A27881 /* PBXContainerItemProxy */ = {
			isa = PBXContainerItemProxy;
			containerPortal = 33B2546B21468A1C00364AE1 /* Project object */;
			proxyType = 1;
			remoteGlobalIDString = 33B2548C21468A8100364AE1;
			remoteInfo = SharedFramework;
		};
/* End PBXContainerItemProxy section */

/* Begin PBXCopyFilesBuildPhase section */
		33B2549921468A8100364AE1 /* Embed Frameworks */ = {
			isa = PBXCopyFilesBuildPhase;
			buildActionMask = 2147483647;
			dstPath = "";
			dstSubfolderSpec = 10;
			files = (
				33B2549521468A8100364AE1 /* SharedFramework.framework in Embed Frameworks */,
			);
			name = "Embed Frameworks";
			runOnlyForDeploymentPostprocessing = 0;
		};
		9B58881E214A6C9E00A27881 /* Embed App Extensions */ = {
			isa = PBXCopyFilesBuildPhase;
			buildActionMask = 2147483647;
			dstPath = "";
			dstSubfolderSpec = 13;
			files = (
				9B58881A214A6C9E00A27881 /* IntentsExtension.appex in Embed App Extensions */,
			);
			name = "Embed App Extensions";
			runOnlyForDeploymentPostprocessing = 0;
		};
/* End PBXCopyFilesBuildPhase section */

/* Begin PBXFileReference section */
		33B2547321468A1C00364AE1 /* TravelPlanner.app */ = {isa = PBXFileReference; explicitFileType = wrapper.application; includeInIndex = 0; path = TravelPlanner.app; sourceTree = BUILT_PRODUCTS_DIR; };
		33B2547621468A1C00364AE1 /* AppDelegate.swift */ = {isa = PBXFileReference; lastKnownFileType = sourcecode.swift; path = AppDelegate.swift; sourceTree = "<group>"; };
		33B2547821468A1C00364AE1 /* TripListViewController.swift */ = {isa = PBXFileReference; lastKnownFileType = sourcecode.swift; path = TripListViewController.swift; sourceTree = "<group>"; };
		33B2547B21468A1C00364AE1 /* Base */ = {isa = PBXFileReference; lastKnownFileType = file.storyboard; name = Base; path = Base.lproj/Main.storyboard; sourceTree = "<group>"; };
		33B2547D21468A1E00364AE1 /* Assets.xcassets */ = {isa = PBXFileReference; lastKnownFileType = folder.assetcatalog; path = Assets.xcassets; sourceTree = "<group>"; };
		33B2548021468A1E00364AE1 /* Base */ = {isa = PBXFileReference; lastKnownFileType = file.storyboard; name = Base; path = Base.lproj/LaunchScreen.storyboard; sourceTree = "<group>"; };
		33B2548221468A1E00364AE1 /* Info.plist */ = {isa = PBXFileReference; lastKnownFileType = text.plist.xml; path = Info.plist; sourceTree = "<group>"; };
		33B2548D21468A8100364AE1 /* SharedFramework.framework */ = {isa = PBXFileReference; explicitFileType = wrapper.framework; includeInIndex = 0; path = SharedFramework.framework; sourceTree = BUILT_PRODUCTS_DIR; };
		33B2548F21468A8100364AE1 /* SharedFramework.h */ = {isa = PBXFileReference; lastKnownFileType = sourcecode.c.h; path = SharedFramework.h; sourceTree = "<group>"; };
		33B2549021468A8100364AE1 /* Info.plist */ = {isa = PBXFileReference; lastKnownFileType = text.plist.xml; path = Info.plist; sourceTree = "<group>"; };
		33B2549B21468ACF00364AE1 /* TravelPlanner.xcdatamodel */ = {isa = PBXFileReference; lastKnownFileType = wrapper.xcdatamodel; path = TravelPlanner.xcdatamodel; sourceTree = "<group>"; };
		33B2549E21468B0F00364AE1 /* CoreDataManager.swift */ = {isa = PBXFileReference; lastKnownFileType = sourcecode.swift; path = CoreDataManager.swift; sourceTree = "<group>"; };
		33B254A021468CC700364AE1 /* TripCoordinator.swift */ = {isa = PBXFileReference; lastKnownFileType = sourcecode.swift; path = TripCoordinator.swift; sourceTree = "<group>"; };
		33B254A221468D7E00364AE1 /* TripDetailViewController.swift */ = {isa = PBXFileReference; lastKnownFileType = sourcecode.swift; path = TripDetailViewController.swift; sourceTree = "<group>"; };
		33B254A421468FCC00364AE1 /* NSManagedObjectContext+Convenience.swift */ = {isa = PBXFileReference; lastKnownFileType = sourcecode.swift; path = "NSManagedObjectContext+Convenience.swift"; sourceTree = "<group>"; };
		33B254A62146902D00364AE1 /* NSManagedObject+Convenience.swift */ = {isa = PBXFileReference; lastKnownFileType = sourcecode.swift; path = "NSManagedObject+Convenience.swift"; sourceTree = "<group>"; };
		33B254A82146978F00364AE1 /* BusEditViewController.swift */ = {isa = PBXFileReference; lastKnownFileType = sourcecode.swift; path = BusEditViewController.swift; sourceTree = "<group>"; };
		33B254AA2146979E00364AE1 /* TrainEditViewController.swift */ = {isa = PBXFileReference; lastKnownFileType = sourcecode.swift; path = TrainEditViewController.swift; sourceTree = "<group>"; };
		33B254AC214697AB00364AE1 /* HotelEditViewController.swift */ = {isa = PBXFileReference; lastKnownFileType = sourcecode.swift; path = HotelEditViewController.swift; sourceTree = "<group>"; };
		33B254AE214697B700364AE1 /* FlightEditViewController.swift */ = {isa = PBXFileReference; lastKnownFileType = sourcecode.swift; path = FlightEditViewController.swift; sourceTree = "<group>"; };
		33B254B021469B8600364AE1 /* Formatters.swift */ = {isa = PBXFileReference; lastKnownFileType = sourcecode.swift; path = Formatters.swift; sourceTree = "<group>"; };
		33B254B321469E5000364AE1 /* TripEditViewController.swift */ = {isa = PBXFileReference; lastKnownFileType = sourcecode.swift; path = TripEditViewController.swift; sourceTree = "<group>"; };
		33B254CC2146A6B500364AE1 /* Trip+Extensions.swift */ = {isa = PBXFileReference; fileEncoding = 4; lastKnownFileType = sourcecode.swift; path = "Trip+Extensions.swift"; sourceTree = "<group>"; };
		33B254E22146A96500364AE1 /* AppStoryboard.swift */ = {isa = PBXFileReference; lastKnownFileType = sourcecode.swift; path = AppStoryboard.swift; sourceTree = "<group>"; };
		33B254E42146B1B600364AE1 /* FrameworkPersistentCoordinator.swift */ = {isa = PBXFileReference; lastKnownFileType = sourcecode.swift; path = FrameworkPersistentCoordinator.swift; sourceTree = "<group>"; };
		33B254F42146C08F00364AE1 /* CaseIterable+TableViewHelping.swift */ = {isa = PBXFileReference; lastKnownFileType = sourcecode.swift; path = "CaseIterable+TableViewHelping.swift"; sourceTree = "<group>"; };
		33B254F82146C60600364AE1 /* TripInfoCell.swift */ = {isa = PBXFileReference; lastKnownFileType = sourcecode.swift; path = TripInfoCell.swift; sourceTree = "<group>"; };
		33B254FA2146C6C200364AE1 /* Identifiable.swift */ = {isa = PBXFileReference; lastKnownFileType = sourcecode.swift; path = Identifiable.swift; sourceTree = "<group>"; };
		33B254FC2146CB3E00364AE1 /* BusInfoCell.swift */ = {isa = PBXFileReference; lastKnownFileType = sourcecode.swift; path = BusInfoCell.swift; sourceTree = "<group>"; };
		33B254FE2146CB4000364AE1 /* FlightInfoCell.swift */ = {isa = PBXFileReference; lastKnownFileType = sourcecode.swift; path = FlightInfoCell.swift; sourceTree = "<group>"; };
		33B255002146CB4E00364AE1 /* TrainInfoCell.swift */ = {isa = PBXFileReference; lastKnownFileType = sourcecode.swift; path = TrainInfoCell.swift; sourceTree = "<group>"; };
		33B255022146CB5C00364AE1 /* HotelInfoCell.swift */ = {isa = PBXFileReference; lastKnownFileType = sourcecode.swift; path = HotelInfoCell.swift; sourceTree = "<group>"; };
		33B255042146CBF500364AE1 /* FlightInfoCell.xib */ = {isa = PBXFileReference; lastKnownFileType = file.xib; path = FlightInfoCell.xib; sourceTree = "<group>"; };
		33B255062146CF5500364AE1 /* Flight+Extensions.swift */ = {isa = PBXFileReference; lastKnownFileType = sourcecode.swift; path = "Flight+Extensions.swift"; sourceTree = "<group>"; };
		33B255082146D67A00364AE1 /* UITableView+Generics.swift */ = {isa = PBXFileReference; lastKnownFileType = sourcecode.swift; path = "UITableView+Generics.swift"; sourceTree = "<group>"; };
		33B2550A2146FA3F00364AE1 /* PlanInfoCell.swift */ = {isa = PBXFileReference; lastKnownFileType = sourcecode.swift; path = PlanInfoCell.swift; sourceTree = "<group>"; };
		33B2550C2146FE7500364AE1 /* NibLoadable.swift */ = {isa = PBXFileReference; lastKnownFileType = sourcecode.swift; path = NibLoadable.swift; sourceTree = "<group>"; };
		33B2550E214700E100364AE1 /* BusInfoCell.xib */ = {isa = PBXFileReference; lastKnownFileType = file.xib; path = BusInfoCell.xib; sourceTree = "<group>"; };
		33B255102147011000364AE1 /* HotelInfoCell.xib */ = {isa = PBXFileReference; lastKnownFileType = file.xib; path = HotelInfoCell.xib; sourceTree = "<group>"; };
		33B255122147013700364AE1 /* TrainInfoCell.xib */ = {isa = PBXFileReference; lastKnownFileType = file.xib; path = TrainInfoCell.xib; sourceTree = "<group>"; };
		9B47B53B21872FB600140CA4 /* Base */ = {isa = PBXFileReference; lastKnownFileType = file.storyboard; name = Base; path = SharedFramework/Base.lproj/Hotel.storyboard; sourceTree = SOURCE_ROOT; };
		9B47B53D21872FB600140CA4 /* Base */ = {isa = PBXFileReference; lastKnownFileType = file.storyboard; name = Base; path = SharedFramework/Base.lproj/Train.storyboard; sourceTree = SOURCE_ROOT; };
		9B47B54121872FCF00140CA4 /* Base */ = {isa = PBXFileReference; lastKnownFileType = file.storyboard; name = Base; path = SharedFramework/Base.lproj/Bus.storyboard; sourceTree = SOURCE_ROOT; };
		9B47B54321872FCF00140CA4 /* Base */ = {isa = PBXFileReference; lastKnownFileType = file.storyboard; name = Base; path = SharedFramework/Base.lproj/Flight.storyboard; sourceTree = SOURCE_ROOT; };
		9B47B5462187301300140CA4 /* Storyboard.swift */ = {isa = PBXFileReference; lastKnownFileType = sourcecode.swift; path = Storyboard.swift; sourceTree = "<group>"; };
		9B47B5482187309000140CA4 /* BundleHelper.swift */ = {isa = PBXFileReference; lastKnownFileType = sourcecode.swift; path = BundleHelper.swift; sourceTree = "<group>"; };
		9B47B552218734E600140CA4 /* StoryboardHosted.swift */ = {isa = PBXFileReference; lastKnownFileType = sourcecode.swift; path = StoryboardHosted.swift; sourceTree = "<group>"; };
		9B47B5562187358700140CA4 /* UITextField+Validation.swift */ = {isa = PBXFileReference; lastKnownFileType = sourcecode.swift; path = "UITextField+Validation.swift"; sourceTree = "<group>"; };
		9B47B56521873FE300140CA4 /* GenericEditViewController.swift */ = {isa = PBXFileReference; lastKnownFileType = sourcecode.swift; path = GenericEditViewController.swift; sourceTree = "<group>"; };
		9B47B56A2187401F00140CA4 /* Base */ = {isa = PBXFileReference; lastKnownFileType = file.storyboard; name = Base; path = SharedFramework/Base.lproj/Generic.storyboard; sourceTree = SOURCE_ROOT; };
		9B47B56D218744AB00140CA4 /* PlanEditCoordinator.swift */ = {isa = PBXFileReference; lastKnownFileType = sourcecode.swift; path = PlanEditCoordinator.swift; sourceTree = "<group>"; };
		9B5887F82149B8FC00A27881 /* UserActivities.swift */ = {isa = PBXFileReference; lastKnownFileType = sourcecode.swift; path = UserActivities.swift; sourceTree = "<group>"; };
		9B5887FB2149C6D700A27881 /* Intents.framework */ = {isa = PBXFileReference; lastKnownFileType = wrapper.framework; name = Intents.framework; path = System/Library/Frameworks/Intents.framework; sourceTree = SDKROOT; };
		9B5887FD2149C6DD00A27881 /* CoreSpotlight.framework */ = {isa = PBXFileReference; lastKnownFileType = wrapper.framework; name = CoreSpotlight.framework; path = System/Library/Frameworks/CoreSpotlight.framework; sourceTree = SDKROOT; };
		9B5887FF2149C6E700A27881 /* MobileCoreServices.framework */ = {isa = PBXFileReference; lastKnownFileType = wrapper.framework; name = MobileCoreServices.framework; path = System/Library/Frameworks/MobileCoreServices.framework; sourceTree = SDKROOT; };
		9B5888092149F82C00A27881 /* Intents.intentdefinition */ = {isa = PBXFileReference; fileEncoding = 4; lastKnownFileType = file.intentdefinition; path = Intents.intentdefinition; sourceTree = "<group>"; };
		9B58880C2149F8F600A27881 /* EditTripIntentHandler.swift */ = {isa = PBXFileReference; lastKnownFileType = sourcecode.swift; path = EditTripIntentHandler.swift; sourceTree = "<group>"; };
		9B588813214A6C9E00A27881 /* IntentsExtension.appex */ = {isa = PBXFileReference; explicitFileType = "wrapper.app-extension"; includeInIndex = 0; path = IntentsExtension.appex; sourceTree = BUILT_PRODUCTS_DIR; };
		9B588815214A6C9E00A27881 /* IntentHandler.swift */ = {isa = PBXFileReference; lastKnownFileType = sourcecode.swift; path = IntentHandler.swift; sourceTree = "<group>"; };
		9B588817214A6C9E00A27881 /* Info.plist */ = {isa = PBXFileReference; lastKnownFileType = text.plist.xml; path = Info.plist; sourceTree = "<group>"; };
		9B6C1EF22148341A0006C217 /* AirlineImporter.swift */ = {isa = PBXFileReference; lastKnownFileType = sourcecode.swift; path = AirlineImporter.swift; sourceTree = "<group>"; };
		9B6C1EF7214834B20006C217 /* airlines.csv */ = {isa = PBXFileReference; fileEncoding = 4; lastKnownFileType = text; path = airlines.csv; sourceTree = "<group>"; };
		9B6C1EF8214834B20006C217 /* airports.csv */ = {isa = PBXFileReference; fileEncoding = 4; lastKnownFileType = text; path = airports.csv; sourceTree = "<group>"; };
		9B6C1EFB2148619D0006C217 /* Airport+Extensions.swift */ = {isa = PBXFileReference; lastKnownFileType = sourcecode.swift; path = "Airport+Extensions.swift"; sourceTree = "<group>"; };
		9B6C1EFD21486D000006C217 /* FlightCoordinator.swift */ = {isa = PBXFileReference; lastKnownFileType = sourcecode.swift; path = FlightCoordinator.swift; sourceTree = "<group>"; };
		9B6C1F032148721A0006C217 /* AirportSelectionViewController.swift */ = {isa = PBXFileReference; lastKnownFileType = sourcecode.swift; path = AirportSelectionViewController.swift; sourceTree = "<group>"; };
		9B6C1F05214875C10006C217 /* AirlineSelectionViewController.swift */ = {isa = PBXFileReference; lastKnownFileType = sourcecode.swift; path = AirlineSelectionViewController.swift; sourceTree = "<group>"; };
		9B6C1F072148763B0006C217 /* Airline+Extensions.swift */ = {isa = PBXFileReference; lastKnownFileType = sourcecode.swift; path = "Airline+Extensions.swift"; sourceTree = "<group>"; };
		9B6C1F0B21490D930006C217 /* CSVImporter.swift */ = {isa = PBXFileReference; lastKnownFileType = sourcecode.swift; path = CSVImporter.swift; sourceTree = "<group>"; };
		9B6C1F0D21490EDF0006C217 /* AirportImporter.swift */ = {isa = PBXFileReference; lastKnownFileType = sourcecode.swift; path = AirportImporter.swift; sourceTree = "<group>"; };
		9B767DDE218763350046BE3F /* DataSource.swift */ = {isa = PBXFileReference; lastKnownFileType = sourcecode.swift; path = DataSource.swift; sourceTree = "<group>"; };
		9B767DE0218768910046BE3F /* SearchableTableViewDataSource.swift */ = {isa = PBXFileReference; lastKnownFileType = sourcecode.swift; path = SearchableTableViewDataSource.swift; sourceTree = "<group>"; };
		9B767DE221876B4E0046BE3F /* AirlineSelectionDataSource.swift */ = {isa = PBXFileReference; lastKnownFileType = sourcecode.swift; path = AirlineSelectionDataSource.swift; sourceTree = "<group>"; };
		9B767DE721877C710046BE3F /* TableViewDataSource.swift */ = {isa = PBXFileReference; lastKnownFileType = sourcecode.swift; path = TableViewDataSource.swift; sourceTree = "<group>"; };
		9B767DE92187813E0046BE3F /* AirlineCell.swift */ = {isa = PBXFileReference; lastKnownFileType = sourcecode.swift; path = AirlineCell.swift; sourceTree = "<group>"; };
		9B767DED21885F870046BE3F /* AirportSelectionDataSource.swift */ = {isa = PBXFileReference; lastKnownFileType = sourcecode.swift; path = AirportSelectionDataSource.swift; sourceTree = "<group>"; };
		9B767DEF21885F930046BE3F /* AirportCell.swift */ = {isa = PBXFileReference; lastKnownFileType = sourcecode.swift; path = AirportCell.swift; sourceTree = "<group>"; };
/* End PBXFileReference section */

/* Begin PBXFrameworksBuildPhase section */
		33B2547021468A1C00364AE1 /* Frameworks */ = {
			isa = PBXFrameworksBuildPhase;
			buildActionMask = 2147483647;
			files = (
				9B5888002149C6E700A27881 /* MobileCoreServices.framework in Frameworks */,
				9B5887FE2149C6DD00A27881 /* CoreSpotlight.framework in Frameworks */,
				9B5887FC2149C6D700A27881 /* Intents.framework in Frameworks */,
				33B2549421468A8100364AE1 /* SharedFramework.framework in Frameworks */,
			);
			runOnlyForDeploymentPostprocessing = 0;
		};
		33B2548A21468A8100364AE1 /* Frameworks */ = {
			isa = PBXFrameworksBuildPhase;
			buildActionMask = 2147483647;
			files = (
			);
			runOnlyForDeploymentPostprocessing = 0;
		};
		9B588810214A6C9E00A27881 /* Frameworks */ = {
			isa = PBXFrameworksBuildPhase;
			buildActionMask = 2147483647;
			files = (
				9B588821214A6CB800A27881 /* SharedFramework.framework in Frameworks */,
			);
			runOnlyForDeploymentPostprocessing = 0;
		};
/* End PBXFrameworksBuildPhase section */

/* Begin PBXGroup section */
		33B2546A21468A1C00364AE1 = {
			isa = PBXGroup;
			children = (
				33B2547521468A1C00364AE1 /* TravelPlanner */,
				33B2548E21468A8100364AE1 /* SharedFramework */,
				9B588814214A6C9E00A27881 /* IntentsExtension */,
				33B2547421468A1C00364AE1 /* Products */,
				9B5887FA2149C6D700A27881 /* Frameworks */,
			);
			sourceTree = "<group>";
		};
		33B2547421468A1C00364AE1 /* Products */ = {
			isa = PBXGroup;
			children = (
				33B2547321468A1C00364AE1 /* TravelPlanner.app */,
				33B2548D21468A8100364AE1 /* SharedFramework.framework */,
				9B588813214A6C9E00A27881 /* IntentsExtension.appex */,
			);
			name = Products;
			sourceTree = "<group>";
		};
		33B2547521468A1C00364AE1 /* TravelPlanner */ = {
			isa = PBXGroup;
			children = (
				33B2547621468A1C00364AE1 /* AppDelegate.swift */,
				9B5887F82149B8FC00A27881 /* UserActivities.swift */,
				33B254EC2146BAF200364AE1 /* Coordinators */,
				33B254E92146BAC800364AE1 /* Protocols */,
				33B254F12146BB6400364AE1 /* Storyboards */,
				33B254E62146BA8B00364AE1 /* ViewControllers */,
				33B254F72146C5F600364AE1 /* Views */,
				33B2548221468A1E00364AE1 /* Info.plist */,
				33B2547D21468A1E00364AE1 /* Assets.xcassets */,
			);
			path = TravelPlanner;
			sourceTree = "<group>";
		};
		33B2548E21468A8100364AE1 /* SharedFramework */ = {
			isa = PBXGroup;
			children = (
				9B767DDB21875EC80046BE3F /* DataSources */,
				9B47B55A2187364E00140CA4 /* Coordinators */,
				33B254EF2146BB2D00364AE1 /* CoreData */,
				33B254ED2146BB0800364AE1 /* Extensions */,
				33B254EE2146BB1F00364AE1 /* Helpers */,
				9B5888012149F43000A27881 /* Intents */,
				9B47B554218734EB00140CA4 /* Protocols */,
				9B6C1EF6214834B20006C217 /* RawData */,
				9B47B53921872F5D00140CA4 /* Storyboards */,
				9B47B54A2187318D00140CA4 /* ViewControllers */,
				9B767DEC2187814C0046BE3F /* Views */,
				33B2549021468A8100364AE1 /* Info.plist */,
				33B2548F21468A8100364AE1 /* SharedFramework.h */,
			);
			path = SharedFramework;
			sourceTree = "<group>";
		};
		33B254E62146BA8B00364AE1 /* ViewControllers */ = {
			isa = PBXGroup;
			children = (
				33B254E72146BA9F00364AE1 /* Trip */,
			);
			path = ViewControllers;
			sourceTree = "<group>";
		};
		33B254E72146BA9F00364AE1 /* Trip */ = {
			isa = PBXGroup;
			children = (
				33B254A221468D7E00364AE1 /* TripDetailViewController.swift */,
				33B254B321469E5000364AE1 /* TripEditViewController.swift */,
				33B2547821468A1C00364AE1 /* TripListViewController.swift */,
			);
			path = Trip;
			sourceTree = "<group>";
		};
		33B254E92146BAC800364AE1 /* Protocols */ = {
			isa = PBXGroup;
			children = (
				33B2550C2146FE7500364AE1 /* NibLoadable.swift */,
			);
			path = Protocols;
			sourceTree = "<group>";
		};
		33B254EC2146BAF200364AE1 /* Coordinators */ = {
			isa = PBXGroup;
			children = (
				33B254A021468CC700364AE1 /* TripCoordinator.swift */,
			);
			path = Coordinators;
			sourceTree = "<group>";
		};
		33B254ED2146BB0800364AE1 /* Extensions */ = {
			isa = PBXGroup;
			children = (
				33B254F42146C08F00364AE1 /* CaseIterable+TableViewHelping.swift */,
				33B254E42146B1B600364AE1 /* FrameworkPersistentCoordinator.swift */,
				33B254A62146902D00364AE1 /* NSManagedObject+Convenience.swift */,
				33B254A421468FCC00364AE1 /* NSManagedObjectContext+Convenience.swift */,
				33B255082146D67A00364AE1 /* UITableView+Generics.swift */,
				9B47B5562187358700140CA4 /* UITextField+Validation.swift */,
			);
			path = Extensions;
			sourceTree = "<group>";
		};
		33B254EE2146BB1F00364AE1 /* Helpers */ = {
			isa = PBXGroup;
			children = (
				9B47B5482187309000140CA4 /* BundleHelper.swift */,
				9B6C1F0B21490D930006C217 /* CSVImporter.swift */,
				33B254B021469B8600364AE1 /* Formatters.swift */,
			);
			path = Helpers;
			sourceTree = "<group>";
		};
		33B254EF2146BB2D00364AE1 /* CoreData */ = {
			isa = PBXGroup;
			children = (
				33B2549A21468ACF00364AE1 /* TravelPlanner.xcdatamodeld */,
				33B254F02146BB4700364AE1 /* ManagedObjectExtensions */,
				9B6C1EF22148341A0006C217 /* AirlineImporter.swift */,
				9B6C1F0D21490EDF0006C217 /* AirportImporter.swift */,
				33B2549E21468B0F00364AE1 /* CoreDataManager.swift */,
			);
			path = CoreData;
			sourceTree = "<group>";
		};
		33B254F02146BB4700364AE1 /* ManagedObjectExtensions */ = {
			isa = PBXGroup;
			children = (
				9B6C1F072148763B0006C217 /* Airline+Extensions.swift */,
				9B6C1EFB2148619D0006C217 /* Airport+Extensions.swift */,
				33B255062146CF5500364AE1 /* Flight+Extensions.swift */,
				33B254CC2146A6B500364AE1 /* Trip+Extensions.swift */,
			);
			path = ManagedObjectExtensions;
			sourceTree = "<group>";
		};
		33B254F12146BB6400364AE1 /* Storyboards */ = {
			isa = PBXGroup;
			children = (
				33B254E22146A96500364AE1 /* AppStoryboard.swift */,
				33B2547F21468A1E00364AE1 /* LaunchScreen.storyboard */,
				33B2547A21468A1C00364AE1 /* Main.storyboard */,
			);
			path = Storyboards;
			sourceTree = "<group>";
		};
		33B254F72146C5F600364AE1 /* Views */ = {
			isa = PBXGroup;
			children = (
				33B254F82146C60600364AE1 /* TripInfoCell.swift */,
				33B255142147017800364AE1 /* PlanInfoCells */,
			);
			path = Views;
			sourceTree = "<group>";
		};
		33B255142147017800364AE1 /* PlanInfoCells */ = {
			isa = PBXGroup;
			children = (
				33B2550A2146FA3F00364AE1 /* PlanInfoCell.swift */,
				33B254FC2146CB3E00364AE1 /* BusInfoCell.swift */,
				33B2550E214700E100364AE1 /* BusInfoCell.xib */,
				33B254FE2146CB4000364AE1 /* FlightInfoCell.swift */,
				33B255042146CBF500364AE1 /* FlightInfoCell.xib */,
				33B255022146CB5C00364AE1 /* HotelInfoCell.swift */,
				33B255102147011000364AE1 /* HotelInfoCell.xib */,
				33B255002146CB4E00364AE1 /* TrainInfoCell.swift */,
				33B255122147013700364AE1 /* TrainInfoCell.xib */,
			);
			path = PlanInfoCells;
			sourceTree = "<group>";
		};
		9B47B53921872F5D00140CA4 /* Storyboards */ = {
			isa = PBXGroup;
			children = (
				9B47B54021872FCF00140CA4 /* Bus.storyboard */,
				9B47B54221872FCF00140CA4 /* Flight.storyboard */,
				9B47B5692187401F00140CA4 /* Generic.storyboard */,
				9B47B53A21872FB600140CA4 /* Hotel.storyboard */,
				9B47B53C21872FB600140CA4 /* Train.storyboard */,
			);
			path = Storyboards;
			sourceTree = "<group>";
		};
		9B47B54A2187318D00140CA4 /* ViewControllers */ = {
			isa = PBXGroup;
			children = (
				33B254A82146978F00364AE1 /* BusEditViewController.swift */,
				9B767DDA21875E300046BE3F /* Flight */,
				9B47B56521873FE300140CA4 /* GenericEditViewController.swift */,
				33B254AC214697AB00364AE1 /* HotelEditViewController.swift */,
				33B254AA2146979E00364AE1 /* TrainEditViewController.swift */,
			);
			path = ViewControllers;
			sourceTree = "<group>";
		};
		9B47B554218734EB00140CA4 /* Protocols */ = {
			isa = PBXGroup;
			children = (
				33B254FA2146C6C200364AE1 /* Identifiable.swift */,
				9B47B5462187301300140CA4 /* Storyboard.swift */,
				9B47B552218734E600140CA4 /* StoryboardHosted.swift */,
			);
			path = Protocols;
			sourceTree = "<group>";
		};
		9B47B55A2187364E00140CA4 /* Coordinators */ = {
			isa = PBXGroup;
			children = (
				9B6C1EFD21486D000006C217 /* FlightCoordinator.swift */,
				9B47B56D218744AB00140CA4 /* PlanEditCoordinator.swift */,
			);
			path = Coordinators;
			sourceTree = "<group>";
		};
		9B5887FA2149C6D700A27881 /* Frameworks */ = {
			isa = PBXGroup;
			children = (
				9B5887FF2149C6E700A27881 /* MobileCoreServices.framework */,
				9B5887FD2149C6DD00A27881 /* CoreSpotlight.framework */,
				9B5887FB2149C6D700A27881 /* Intents.framework */,
			);
			name = Frameworks;
			sourceTree = "<group>";
		};
		9B5888012149F43000A27881 /* Intents */ = {
			isa = PBXGroup;
			children = (
				9B5888092149F82C00A27881 /* Intents.intentdefinition */,
				9B58880C2149F8F600A27881 /* EditTripIntentHandler.swift */,
			);
			path = Intents;
			sourceTree = "<group>";
		};
		9B588814214A6C9E00A27881 /* IntentsExtension */ = {
			isa = PBXGroup;
			children = (
				9B588815214A6C9E00A27881 /* IntentHandler.swift */,
				9B588817214A6C9E00A27881 /* Info.plist */,
			);
			path = IntentsExtension;
			sourceTree = "<group>";
		};
		9B6C1EF6214834B20006C217 /* RawData */ = {
			isa = PBXGroup;
			children = (
				9B6C1EF7214834B20006C217 /* airlines.csv */,
				9B6C1EF8214834B20006C217 /* airports.csv */,
			);
			path = RawData;
			sourceTree = "<group>";
		};
		9B767DDA21875E300046BE3F /* Flight */ = {
			isa = PBXGroup;
			children = (
				9B6C1F05214875C10006C217 /* AirlineSelectionViewController.swift */,
				9B6C1F032148721A0006C217 /* AirportSelectionViewController.swift */,
				33B254AE214697B700364AE1 /* FlightEditViewController.swift */,
			);
			path = Flight;
			sourceTree = "<group>";
		};
		9B767DDB21875EC80046BE3F /* DataSources */ = {
			isa = PBXGroup;
			children = (
				9B767DE421876C710046BE3F /* Generic */,
				9B767DE221876B4E0046BE3F /* AirlineSelectionDataSource.swift */,
				9B767DED21885F870046BE3F /* AirportSelectionDataSource.swift */,
			);
			path = DataSources;
			sourceTree = "<group>";
		};
		9B767DE421876C710046BE3F /* Generic */ = {
			isa = PBXGroup;
			children = (
				9B767DDE218763350046BE3F /* DataSource.swift */,
				9B767DE721877C710046BE3F /* TableViewDataSource.swift */,
				9B767DE0218768910046BE3F /* SearchableTableViewDataSource.swift */,
			);
			path = Generic;
			sourceTree = "<group>";
		};
		9B767DEB218781460046BE3F /* Cells */ = {
			isa = PBXGroup;
			children = (
				9B767DE92187813E0046BE3F /* AirlineCell.swift */,
				9B767DEF21885F930046BE3F /* AirportCell.swift */,
			);
			path = Cells;
			sourceTree = "<group>";
		};
		9B767DEC2187814C0046BE3F /* Views */ = {
			isa = PBXGroup;
			children = (
				9B767DEB218781460046BE3F /* Cells */,
			);
			path = Views;
			sourceTree = "<group>";
		};
/* End PBXGroup section */

/* Begin PBXHeadersBuildPhase section */
		33B2548821468A8100364AE1 /* Headers */ = {
			isa = PBXHeadersBuildPhase;
			buildActionMask = 2147483647;
			files = (
				33B2549121468A8100364AE1 /* SharedFramework.h in Headers */,
			);
			runOnlyForDeploymentPostprocessing = 0;
		};
/* End PBXHeadersBuildPhase section */

/* Begin PBXNativeTarget section */
		33B2547221468A1C00364AE1 /* TravelPlanner */ = {
			isa = PBXNativeTarget;
			buildConfigurationList = 33B2548521468A1E00364AE1 /* Build configuration list for PBXNativeTarget "TravelPlanner" */;
			buildPhases = (
				33B2546F21468A1C00364AE1 /* Sources */,
				33B2547021468A1C00364AE1 /* Frameworks */,
				33B2547121468A1C00364AE1 /* Resources */,
				33B2549921468A8100364AE1 /* Embed Frameworks */,
				9B58881E214A6C9E00A27881 /* Embed App Extensions */,
			);
			buildRules = (
			);
			dependencies = (
				33B2549321468A8100364AE1 /* PBXTargetDependency */,
				9B588819214A6C9E00A27881 /* PBXTargetDependency */,
			);
			name = TravelPlanner;
			productName = TravelPlanner;
			productReference = 33B2547321468A1C00364AE1 /* TravelPlanner.app */;
			productType = "com.apple.product-type.application";
		};
		33B2548C21468A8100364AE1 /* SharedFramework */ = {
			isa = PBXNativeTarget;
			buildConfigurationList = 33B2549821468A8100364AE1 /* Build configuration list for PBXNativeTarget "SharedFramework" */;
			buildPhases = (
				33B2548821468A8100364AE1 /* Headers */,
				33B2548921468A8100364AE1 /* Sources */,
				33B2548A21468A8100364AE1 /* Frameworks */,
				33B2548B21468A8100364AE1 /* Resources */,
			);
			buildRules = (
			);
			dependencies = (
			);
			name = SharedFramework;
			productName = SharedFramework;
			productReference = 33B2548D21468A8100364AE1 /* SharedFramework.framework */;
			productType = "com.apple.product-type.framework";
		};
		9B588812214A6C9E00A27881 /* IntentsExtension */ = {
			isa = PBXNativeTarget;
			buildConfigurationList = 9B58881B214A6C9E00A27881 /* Build configuration list for PBXNativeTarget "IntentsExtension" */;
			buildPhases = (
				9B58880F214A6C9E00A27881 /* Sources */,
				9B588810214A6C9E00A27881 /* Frameworks */,
				9B588811214A6C9E00A27881 /* Resources */,
			);
			buildRules = (
			);
			dependencies = (
				9B588820214A6CB200A27881 /* PBXTargetDependency */,
			);
			name = IntentsExtension;
			productName = IntentsExtension;
			productReference = 9B588813214A6C9E00A27881 /* IntentsExtension.appex */;
			productType = "com.apple.product-type.app-extension";
		};
/* End PBXNativeTarget section */

/* Begin PBXProject section */
		33B2546B21468A1C00364AE1 /* Project object */ = {
			isa = PBXProject;
			attributes = {
				LastSwiftUpdateCheck = 1000;
				LastUpgradeCheck = 1000;
				ORGANIZATIONNAME = "Designated Nerd Software";
				TargetAttributes = {
					33B2547221468A1C00364AE1 = {
						CreatedOnToolsVersion = 10.0;
					};
					33B2548C21468A8100364AE1 = {
						CreatedOnToolsVersion = 10.0;
						LastSwiftMigration = 1000;
					};
					9B588812214A6C9E00A27881 = {
						CreatedOnToolsVersion = 10.0;
					};
				};
			};
			buildConfigurationList = 33B2546E21468A1C00364AE1 /* Build configuration list for PBXProject "TravelPlanner" */;
			compatibilityVersion = "Xcode 9.3";
			developmentRegion = en;
			hasScannedForEncodings = 0;
			knownRegions = (
				en,
				Base,
			);
			mainGroup = 33B2546A21468A1C00364AE1;
			productRefGroup = 33B2547421468A1C00364AE1 /* Products */;
			projectDirPath = "";
			projectRoot = "";
			targets = (
				33B2547221468A1C00364AE1 /* TravelPlanner */,
				33B2548C21468A8100364AE1 /* SharedFramework */,
				9B588812214A6C9E00A27881 /* IntentsExtension */,
			);
		};
/* End PBXProject section */

/* Begin PBXResourcesBuildPhase section */
		33B2547121468A1C00364AE1 /* Resources */ = {
			isa = PBXResourcesBuildPhase;
			buildActionMask = 2147483647;
			files = (
				33B2548121468A1E00364AE1 /* LaunchScreen.storyboard in Resources */,
				33B255052146CBF500364AE1 /* FlightInfoCell.xib in Resources */,
				33B2547E21468A1E00364AE1 /* Assets.xcassets in Resources */,
				33B2550F214700E100364AE1 /* BusInfoCell.xib in Resources */,
				33B255112147011000364AE1 /* HotelInfoCell.xib in Resources */,
				33B2547C21468A1C00364AE1 /* Main.storyboard in Resources */,
				33B255132147013700364AE1 /* TrainInfoCell.xib in Resources */,
			);
			runOnlyForDeploymentPostprocessing = 0;
		};
		33B2548B21468A8100364AE1 /* Resources */ = {
			isa = PBXResourcesBuildPhase;
			buildActionMask = 2147483647;
			files = (
				9B47B56B2187401F00140CA4 /* Generic.storyboard in Resources */,
				9B6C1EF9214834B20006C217 /* airlines.csv in Resources */,
				9B47B53F21872FB600140CA4 /* Train.storyboard in Resources */,
				9B47B54521872FCF00140CA4 /* Flight.storyboard in Resources */,
				9B47B54421872FCF00140CA4 /* Bus.storyboard in Resources */,
				9B6C1EFA214834B20006C217 /* airports.csv in Resources */,
				9B47B53E21872FB600140CA4 /* Hotel.storyboard in Resources */,
			);
			runOnlyForDeploymentPostprocessing = 0;
		};
		9B588811214A6C9E00A27881 /* Resources */ = {
			isa = PBXResourcesBuildPhase;
			buildActionMask = 2147483647;
			files = (
			);
			runOnlyForDeploymentPostprocessing = 0;
		};
/* End PBXResourcesBuildPhase section */

/* Begin PBXSourcesBuildPhase section */
		33B2546F21468A1C00364AE1 /* Sources */ = {
			isa = PBXSourcesBuildPhase;
			buildActionMask = 2147483647;
			files = (
				33B254F92146C60600364AE1 /* TripInfoCell.swift in Sources */,
				33B254E32146A96500364AE1 /* AppStoryboard.swift in Sources */,
				33B2547921468A1C00364AE1 /* TripListViewController.swift in Sources */,
				33B254B421469E5000364AE1 /* TripEditViewController.swift in Sources */,
				9B5887F92149B8FC00A27881 /* UserActivities.swift in Sources */,
				33B254A321468D7E00364AE1 /* TripDetailViewController.swift in Sources */,
				33B255032146CB5C00364AE1 /* HotelInfoCell.swift in Sources */,
				33B255012146CB4E00364AE1 /* TrainInfoCell.swift in Sources */,
				33B254FD2146CB3E00364AE1 /* BusInfoCell.swift in Sources */,
				33B2550B2146FA3F00364AE1 /* PlanInfoCell.swift in Sources */,
				33B2550D2146FE7500364AE1 /* NibLoadable.swift in Sources */,
				33B254A121468CC700364AE1 /* TripCoordinator.swift in Sources */,
				33B254FF2146CB4000364AE1 /* FlightInfoCell.swift in Sources */,
				33B2547721468A1C00364AE1 /* AppDelegate.swift in Sources */,
				9B58880A2149F82C00A27881 /* Intents.intentdefinition in Sources */,
			);
			runOnlyForDeploymentPostprocessing = 0;
		};
		33B2548921468A8100364AE1 /* Sources */ = {
			isa = PBXSourcesBuildPhase;
			buildActionMask = 2147483647;
			files = (
				9B47B550218733CB00140CA4 /* AirportSelectionViewController.swift in Sources */,
				9B58880B2149F82C00A27881 /* Intents.intentdefinition in Sources */,
				9B47B5572187358700140CA4 /* UITextField+Validation.swift in Sources */,
				9B47B558218735E100140CA4 /* CaseIterable+TableViewHelping.swift in Sources */,
				33B254A521468FCC00364AE1 /* NSManagedObjectContext+Convenience.swift in Sources */,
				33B2549F21468B0F00364AE1 /* CoreDataManager.swift in Sources */,
				9B6C1F0C21490D930006C217 /* CSVImporter.swift in Sources */,
				9B47B5492187309000140CA4 /* BundleHelper.swift in Sources */,
				9B47B5472187301300140CA4 /* Storyboard.swift in Sources */,
				9B767DDF218763350046BE3F /* DataSource.swift in Sources */,
				9B47B54F218733CB00140CA4 /* AirlineSelectionViewController.swift in Sources */,
				33B2549D21468AD700364AE1 /* TravelPlanner.xcdatamodeld in Sources */,
				9B47B54C218733CB00140CA4 /* FlightEditViewController.swift in Sources */,
				9B767DF021885F930046BE3F /* AirportCell.swift in Sources */,
				33B255072146CF5500364AE1 /* Flight+Extensions.swift in Sources */,
				9B58880E2149F8F600A27881 /* EditTripIntentHandler.swift in Sources */,
				9B767DE1218768910046BE3F /* SearchableTableViewDataSource.swift in Sources */,
				9B47B5512187347900140CA4 /* FlightCoordinator.swift in Sources */,
				33B254B221469B8C00364AE1 /* Formatters.swift in Sources */,
				9B47B56E218744AB00140CA4 /* PlanEditCoordinator.swift in Sources */,
				9B767DE821877C710046BE3F /* TableViewDataSource.swift in Sources */,
				9B767DEA2187813E0046BE3F /* AirlineCell.swift in Sources */,
				9B47B56621873FE300140CA4 /* GenericEditViewController.swift in Sources */,
				9B6C1EFC2148619D0006C217 /* Airport+Extensions.swift in Sources */,
				33B254CD2146A6B500364AE1 /* Trip+Extensions.swift in Sources */,
				33B254A72146902D00364AE1 /* NSManagedObject+Convenience.swift in Sources */,
				9B6C1F082148763B0006C217 /* Airline+Extensions.swift in Sources */,
				9B767DEE21885F870046BE3F /* AirportSelectionDataSource.swift in Sources */,
				9B47B559218735F200140CA4 /* UITableView+Generics.swift in Sources */,
				33B254E52146B1B600364AE1 /* FrameworkPersistentCoordinator.swift in Sources */,
				9B767DE321876B4E0046BE3F /* AirlineSelectionDataSource.swift in Sources */,
				9B47B5552187351400140CA4 /* Identifiable.swift in Sources */,
				9B6C1EF32148341A0006C217 /* AirlineImporter.swift in Sources */,
				9B47B54E218733CB00140CA4 /* TrainEditViewController.swift in Sources */,
				9B47B553218734E600140CA4 /* StoryboardHosted.swift in Sources */,
				9B47B54D218733CB00140CA4 /* HotelEditViewController.swift in Sources */,
				9B6C1F0E21490EDF0006C217 /* AirportImporter.swift in Sources */,
				9B47B54B218733CB00140CA4 /* BusEditViewController.swift in Sources */,
			);
			runOnlyForDeploymentPostprocessing = 0;
		};
		9B58880F214A6C9E00A27881 /* Sources */ = {
			isa = PBXSourcesBuildPhase;
			buildActionMask = 2147483647;
			files = (
				9B588816214A6C9E00A27881 /* IntentHandler.swift in Sources */,
			);
			runOnlyForDeploymentPostprocessing = 0;
		};
/* End PBXSourcesBuildPhase section */

/* Begin PBXTargetDependency section */
		33B2549321468A8100364AE1 /* PBXTargetDependency */ = {
			isa = PBXTargetDependency;
			target = 33B2548C21468A8100364AE1 /* SharedFramework */;
			targetProxy = 33B2549221468A8100364AE1 /* PBXContainerItemProxy */;
		};
		9B588819214A6C9E00A27881 /* PBXTargetDependency */ = {
			isa = PBXTargetDependency;
			target = 9B588812214A6C9E00A27881 /* IntentsExtension */;
			targetProxy = 9B588818214A6C9E00A27881 /* PBXContainerItemProxy */;
		};
		9B588820214A6CB200A27881 /* PBXTargetDependency */ = {
			isa = PBXTargetDependency;
			target = 33B2548C21468A8100364AE1 /* SharedFramework */;
			targetProxy = 9B58881F214A6CB200A27881 /* PBXContainerItemProxy */;
		};
/* End PBXTargetDependency section */

/* Begin PBXVariantGroup section */
		33B2547A21468A1C00364AE1 /* Main.storyboard */ = {
			isa = PBXVariantGroup;
			children = (
				33B2547B21468A1C00364AE1 /* Base */,
			);
			name = Main.storyboard;
			sourceTree = "<group>";
		};
		33B2547F21468A1E00364AE1 /* LaunchScreen.storyboard */ = {
			isa = PBXVariantGroup;
			children = (
				33B2548021468A1E00364AE1 /* Base */,
			);
			name = LaunchScreen.storyboard;
			sourceTree = "<group>";
		};
		9B47B53A21872FB600140CA4 /* Hotel.storyboard */ = {
			isa = PBXVariantGroup;
			children = (
				9B47B53B21872FB600140CA4 /* Base */,
			);
			name = Hotel.storyboard;
			sourceTree = "<group>";
		};
		9B47B53C21872FB600140CA4 /* Train.storyboard */ = {
			isa = PBXVariantGroup;
			children = (
				9B47B53D21872FB600140CA4 /* Base */,
			);
			name = Train.storyboard;
			sourceTree = "<group>";
		};
		9B47B54021872FCF00140CA4 /* Bus.storyboard */ = {
			isa = PBXVariantGroup;
			children = (
				9B47B54121872FCF00140CA4 /* Base */,
			);
			name = Bus.storyboard;
			sourceTree = "<group>";
		};
		9B47B54221872FCF00140CA4 /* Flight.storyboard */ = {
			isa = PBXVariantGroup;
			children = (
				9B47B54321872FCF00140CA4 /* Base */,
			);
			name = Flight.storyboard;
			sourceTree = "<group>";
		};
		9B47B5692187401F00140CA4 /* Generic.storyboard */ = {
			isa = PBXVariantGroup;
			children = (
				9B47B56A2187401F00140CA4 /* Base */,
			);
			name = Generic.storyboard;
			sourceTree = "<group>";
		};
/* End PBXVariantGroup section */

/* Begin XCBuildConfiguration section */
		33B2548321468A1E00364AE1 /* Debug */ = {
			isa = XCBuildConfiguration;
			buildSettings = {
				ALWAYS_SEARCH_USER_PATHS = NO;
				CLANG_ANALYZER_NONNULL = YES;
				CLANG_ANALYZER_NUMBER_OBJECT_CONVERSION = YES_AGGRESSIVE;
				CLANG_CXX_LANGUAGE_STANDARD = "gnu++14";
				CLANG_CXX_LIBRARY = "libc++";
				CLANG_ENABLE_MODULES = YES;
				CLANG_ENABLE_OBJC_ARC = YES;
				CLANG_ENABLE_OBJC_WEAK = YES;
				CLANG_WARN_BLOCK_CAPTURE_AUTORELEASING = YES;
				CLANG_WARN_BOOL_CONVERSION = YES;
				CLANG_WARN_COMMA = YES;
				CLANG_WARN_CONSTANT_CONVERSION = YES;
				CLANG_WARN_DEPRECATED_OBJC_IMPLEMENTATIONS = YES;
				CLANG_WARN_DIRECT_OBJC_ISA_USAGE = YES_ERROR;
				CLANG_WARN_DOCUMENTATION_COMMENTS = YES;
				CLANG_WARN_EMPTY_BODY = YES;
				CLANG_WARN_ENUM_CONVERSION = YES;
				CLANG_WARN_INFINITE_RECURSION = YES;
				CLANG_WARN_INT_CONVERSION = YES;
				CLANG_WARN_NON_LITERAL_NULL_CONVERSION = YES;
				CLANG_WARN_OBJC_IMPLICIT_RETAIN_SELF = YES;
				CLANG_WARN_OBJC_LITERAL_CONVERSION = YES;
				CLANG_WARN_OBJC_ROOT_CLASS = YES_ERROR;
				CLANG_WARN_RANGE_LOOP_ANALYSIS = YES;
				CLANG_WARN_STRICT_PROTOTYPES = YES;
				CLANG_WARN_SUSPICIOUS_MOVE = YES;
				CLANG_WARN_UNGUARDED_AVAILABILITY = YES_AGGRESSIVE;
				CLANG_WARN_UNREACHABLE_CODE = YES;
				CLANG_WARN__DUPLICATE_METHOD_MATCH = YES;
				CODE_SIGN_IDENTITY = "iPhone Developer";
				COPY_PHASE_STRIP = NO;
				DEBUG_INFORMATION_FORMAT = dwarf;
				ENABLE_STRICT_OBJC_MSGSEND = YES;
				ENABLE_TESTABILITY = YES;
				GCC_C_LANGUAGE_STANDARD = gnu11;
				GCC_DYNAMIC_NO_PIC = NO;
				GCC_NO_COMMON_BLOCKS = YES;
				GCC_OPTIMIZATION_LEVEL = 0;
				GCC_PREPROCESSOR_DEFINITIONS = (
					"DEBUG=1",
					"$(inherited)",
				);
				GCC_WARN_64_TO_32_BIT_CONVERSION = YES;
				GCC_WARN_ABOUT_RETURN_TYPE = YES_ERROR;
				GCC_WARN_UNDECLARED_SELECTOR = YES;
				GCC_WARN_UNINITIALIZED_AUTOS = YES_AGGRESSIVE;
				GCC_WARN_UNUSED_FUNCTION = YES;
				GCC_WARN_UNUSED_VARIABLE = YES;
				IPHONEOS_DEPLOYMENT_TARGET = 12.0;
				MTL_ENABLE_DEBUG_INFO = INCLUDE_SOURCE;
				MTL_FAST_MATH = YES;
				ONLY_ACTIVE_ARCH = YES;
				SDKROOT = iphoneos;
				SWIFT_ACTIVE_COMPILATION_CONDITIONS = DEBUG;
				SWIFT_OPTIMIZATION_LEVEL = "-Onone";
			};
			name = Debug;
		};
		33B2548421468A1E00364AE1 /* Release */ = {
			isa = XCBuildConfiguration;
			buildSettings = {
				ALWAYS_SEARCH_USER_PATHS = NO;
				CLANG_ANALYZER_NONNULL = YES;
				CLANG_ANALYZER_NUMBER_OBJECT_CONVERSION = YES_AGGRESSIVE;
				CLANG_CXX_LANGUAGE_STANDARD = "gnu++14";
				CLANG_CXX_LIBRARY = "libc++";
				CLANG_ENABLE_MODULES = YES;
				CLANG_ENABLE_OBJC_ARC = YES;
				CLANG_ENABLE_OBJC_WEAK = YES;
				CLANG_WARN_BLOCK_CAPTURE_AUTORELEASING = YES;
				CLANG_WARN_BOOL_CONVERSION = YES;
				CLANG_WARN_COMMA = YES;
				CLANG_WARN_CONSTANT_CONVERSION = YES;
				CLANG_WARN_DEPRECATED_OBJC_IMPLEMENTATIONS = YES;
				CLANG_WARN_DIRECT_OBJC_ISA_USAGE = YES_ERROR;
				CLANG_WARN_DOCUMENTATION_COMMENTS = YES;
				CLANG_WARN_EMPTY_BODY = YES;
				CLANG_WARN_ENUM_CONVERSION = YES;
				CLANG_WARN_INFINITE_RECURSION = YES;
				CLANG_WARN_INT_CONVERSION = YES;
				CLANG_WARN_NON_LITERAL_NULL_CONVERSION = YES;
				CLANG_WARN_OBJC_IMPLICIT_RETAIN_SELF = YES;
				CLANG_WARN_OBJC_LITERAL_CONVERSION = YES;
				CLANG_WARN_OBJC_ROOT_CLASS = YES_ERROR;
				CLANG_WARN_RANGE_LOOP_ANALYSIS = YES;
				CLANG_WARN_STRICT_PROTOTYPES = YES;
				CLANG_WARN_SUSPICIOUS_MOVE = YES;
				CLANG_WARN_UNGUARDED_AVAILABILITY = YES_AGGRESSIVE;
				CLANG_WARN_UNREACHABLE_CODE = YES;
				CLANG_WARN__DUPLICATE_METHOD_MATCH = YES;
				CODE_SIGN_IDENTITY = "iPhone Developer";
				COPY_PHASE_STRIP = NO;
				DEBUG_INFORMATION_FORMAT = "dwarf-with-dsym";
				ENABLE_NS_ASSERTIONS = NO;
				ENABLE_STRICT_OBJC_MSGSEND = YES;
				GCC_C_LANGUAGE_STANDARD = gnu11;
				GCC_NO_COMMON_BLOCKS = YES;
				GCC_WARN_64_TO_32_BIT_CONVERSION = YES;
				GCC_WARN_ABOUT_RETURN_TYPE = YES_ERROR;
				GCC_WARN_UNDECLARED_SELECTOR = YES;
				GCC_WARN_UNINITIALIZED_AUTOS = YES_AGGRESSIVE;
				GCC_WARN_UNUSED_FUNCTION = YES;
				GCC_WARN_UNUSED_VARIABLE = YES;
				IPHONEOS_DEPLOYMENT_TARGET = 12.0;
				MTL_ENABLE_DEBUG_INFO = NO;
				MTL_FAST_MATH = YES;
				SDKROOT = iphoneos;
				SWIFT_COMPILATION_MODE = wholemodule;
				SWIFT_OPTIMIZATION_LEVEL = "-O";
				VALIDATE_PRODUCT = YES;
			};
			name = Release;
		};
		33B2548621468A1E00364AE1 /* Debug */ = {
			isa = XCBuildConfiguration;
			buildSettings = {
				ALWAYS_EMBED_SWIFT_STANDARD_LIBRARIES = YES;
				ASSETCATALOG_COMPILER_APPICON_NAME = AppIcon;
				CODE_SIGN_STYLE = Automatic;
				DEVELOPMENT_TEAM = 4U392EMNT3;
				INFOPLIST_FILE = TravelPlanner/Info.plist;
				LD_RUNPATH_SEARCH_PATHS = (
					"$(inherited)",
					"@executable_path/Frameworks",
				);
				PRODUCT_BUNDLE_IDENTIFIER = com.designatednerd.TravelPlanner;
				PRODUCT_NAME = "$(TARGET_NAME)";
				SWIFT_VERSION = 4.2;
				TARGETED_DEVICE_FAMILY = "1,2";
			};
			name = Debug;
		};
		33B2548721468A1E00364AE1 /* Release */ = {
			isa = XCBuildConfiguration;
			buildSettings = {
				ALWAYS_EMBED_SWIFT_STANDARD_LIBRARIES = YES;
				ASSETCATALOG_COMPILER_APPICON_NAME = AppIcon;
				CODE_SIGN_STYLE = Automatic;
				DEVELOPMENT_TEAM = 4U392EMNT3;
				INFOPLIST_FILE = TravelPlanner/Info.plist;
				LD_RUNPATH_SEARCH_PATHS = (
					"$(inherited)",
					"@executable_path/Frameworks",
				);
				PRODUCT_BUNDLE_IDENTIFIER = com.designatednerd.TravelPlanner;
				PRODUCT_NAME = "$(TARGET_NAME)";
				SWIFT_VERSION = 4.2;
				TARGETED_DEVICE_FAMILY = "1,2";
			};
			name = Release;
		};
		33B2549621468A8100364AE1 /* Debug */ = {
			isa = XCBuildConfiguration;
			buildSettings = {
				APPLICATION_EXTENSION_API_ONLY = YES;
				CLANG_ENABLE_MODULES = YES;
				CODE_SIGN_IDENTITY = "";
				CODE_SIGN_STYLE = Automatic;
				CURRENT_PROJECT_VERSION = 1;
				DEFINES_MODULE = YES;
				DYLIB_COMPATIBILITY_VERSION = 1;
				DYLIB_CURRENT_VERSION = 1;
				DYLIB_INSTALL_NAME_BASE = "@rpath";
				INFOPLIST_FILE = SharedFramework/Info.plist;
				INSTALL_PATH = "$(LOCAL_LIBRARY_DIR)/Frameworks";
				LD_RUNPATH_SEARCH_PATHS = (
					"$(inherited)",
					"@executable_path/Frameworks",
					"@loader_path/Frameworks",
				);
				PRODUCT_BUNDLE_IDENTIFIER = com.designatednerd.SharedFramework;
				PRODUCT_NAME = "$(TARGET_NAME:c99extidentifier)";
				SKIP_INSTALL = YES;
				SWIFT_OPTIMIZATION_LEVEL = "-Onone";
				SWIFT_VERSION = 4.2;
				TARGETED_DEVICE_FAMILY = "1,2";
				VERSIONING_SYSTEM = "apple-generic";
				VERSION_INFO_PREFIX = "";
			};
			name = Debug;
		};
		33B2549721468A8100364AE1 /* Release */ = {
			isa = XCBuildConfiguration;
			buildSettings = {
				APPLICATION_EXTENSION_API_ONLY = YES;
				CLANG_ENABLE_MODULES = YES;
				CODE_SIGN_IDENTITY = "";
				CODE_SIGN_STYLE = Automatic;
				CURRENT_PROJECT_VERSION = 1;
				DEFINES_MODULE = YES;
				DYLIB_COMPATIBILITY_VERSION = 1;
				DYLIB_CURRENT_VERSION = 1;
				DYLIB_INSTALL_NAME_BASE = "@rpath";
				INFOPLIST_FILE = SharedFramework/Info.plist;
				INSTALL_PATH = "$(LOCAL_LIBRARY_DIR)/Frameworks";
				LD_RUNPATH_SEARCH_PATHS = (
					"$(inherited)",
					"@executable_path/Frameworks",
					"@loader_path/Frameworks",
				);
				PRODUCT_BUNDLE_IDENTIFIER = com.designatednerd.SharedFramework;
				PRODUCT_NAME = "$(TARGET_NAME:c99extidentifier)";
				SKIP_INSTALL = YES;
				SWIFT_VERSION = 4.2;
				TARGETED_DEVICE_FAMILY = "1,2";
				VERSIONING_SYSTEM = "apple-generic";
				VERSION_INFO_PREFIX = "";
			};
			name = Release;
		};
		9B58881C214A6C9E00A27881 /* Debug */ = {
			isa = XCBuildConfiguration;
			buildSettings = {
				CODE_SIGN_STYLE = Automatic;
				DEVELOPMENT_TEAM = 4U392EMNT3;
				INFOPLIST_FILE = IntentsExtension/Info.plist;
				LD_RUNPATH_SEARCH_PATHS = (
					"$(inherited)",
					"@executable_path/Frameworks",
					"@executable_path/../../Frameworks",
				);
				PRODUCT_BUNDLE_IDENTIFIER = com.designatednerd.TravelPlanner.IntentsExtension;
				PRODUCT_NAME = "$(TARGET_NAME)";
				SKIP_INSTALL = YES;
				SWIFT_VERSION = 4.2;
				TARGETED_DEVICE_FAMILY = "1,2";
			};
			name = Debug;
		};
		9B58881D214A6C9E00A27881 /* Release */ = {
			isa = XCBuildConfiguration;
			buildSettings = {
				CODE_SIGN_STYLE = Automatic;
				DEVELOPMENT_TEAM = 4U392EMNT3;
				INFOPLIST_FILE = IntentsExtension/Info.plist;
				LD_RUNPATH_SEARCH_PATHS = (
					"$(inherited)",
					"@executable_path/Frameworks",
					"@executable_path/../../Frameworks",
				);
				PRODUCT_BUNDLE_IDENTIFIER = com.designatednerd.TravelPlanner.IntentsExtension;
				PRODUCT_NAME = "$(TARGET_NAME)";
				SKIP_INSTALL = YES;
				SWIFT_VERSION = 4.2;
				TARGETED_DEVICE_FAMILY = "1,2";
			};
			name = Release;
		};
/* End XCBuildConfiguration section */

/* Begin XCConfigurationList section */
		33B2546E21468A1C00364AE1 /* Build configuration list for PBXProject "TravelPlanner" */ = {
			isa = XCConfigurationList;
			buildConfigurations = (
				33B2548321468A1E00364AE1 /* Debug */,
				33B2548421468A1E00364AE1 /* Release */,
			);
			defaultConfigurationIsVisible = 0;
			defaultConfigurationName = Release;
		};
		33B2548521468A1E00364AE1 /* Build configuration list for PBXNativeTarget "TravelPlanner" */ = {
			isa = XCConfigurationList;
			buildConfigurations = (
				33B2548621468A1E00364AE1 /* Debug */,
				33B2548721468A1E00364AE1 /* Release */,
			);
			defaultConfigurationIsVisible = 0;
			defaultConfigurationName = Release;
		};
		33B2549821468A8100364AE1 /* Build configuration list for PBXNativeTarget "SharedFramework" */ = {
			isa = XCConfigurationList;
			buildConfigurations = (
				33B2549621468A8100364AE1 /* Debug */,
				33B2549721468A8100364AE1 /* Release */,
			);
			defaultConfigurationIsVisible = 0;
			defaultConfigurationName = Release;
		};
		9B58881B214A6C9E00A27881 /* Build configuration list for PBXNativeTarget "IntentsExtension" */ = {
			isa = XCConfigurationList;
			buildConfigurations = (
				9B58881C214A6C9E00A27881 /* Debug */,
				9B58881D214A6C9E00A27881 /* Release */,
			);
			defaultConfigurationIsVisible = 0;
			defaultConfigurationName = Release;
		};
/* End XCConfigurationList section */

/* Begin XCVersionGroup section */
		33B2549A21468ACF00364AE1 /* TravelPlanner.xcdatamodeld */ = {
			isa = XCVersionGroup;
			children = (
				33B2549B21468ACF00364AE1 /* TravelPlanner.xcdatamodel */,
			);
			currentVersion = 33B2549B21468ACF00364AE1 /* TravelPlanner.xcdatamodel */;
			path = TravelPlanner.xcdatamodeld;
			sourceTree = "<group>";
			versionGroupType = wrapper.xcdatamodel;
		};
/* End XCVersionGroup section */
	};
	rootObject = 33B2546B21468A1C00364AE1 /* Project object */;
}
